
Microsoft Visual Studio Solution File, Format Version 12.00
# Visual Studio 15
VisualStudioVersion = 15.0.27004.2010
MinimumVisualStudioVersion = 10.0.40219.1
Project("{888888A0-9F3D-457C-B088-3A5042F75D52}") = "pyMultiWii-master", "pyMultiWii-master.pyproj", "{95F5C1BC-A289-42D4-9C5B-DE479A570B7D}"
EndProject
Global
	GlobalSection(SolutionConfigurationPlatforms) = preSolution
		Debug|Any CPU = Debug|Any CPU
		Release|Any CPU = Release|Any CPU
	EndGlobalSection
	GlobalSection(ProjectConfigurationPlatforms) = postSolution
		{95F5C1BC-A289-42D4-9C5B-DE479A570B7D}.Debug|Any CPU.ActiveCfg = Debug|Any CPU
		{95F5C1BC-A289-42D4-9C5B-DE479A570B7D}.Release|Any CPU.ActiveCfg = Release|Any CPU
	EndGlobalSection
	GlobalSection(SolutionProperties) = preSolution
		HideSolutionNode = FALSE
	EndGlobalSection
	GlobalSection(ExtensibilityGlobals) = postSolution
		SolutionGuid = {81F9BFC8-D940-4B02-9791-F9172F456ED1}
	EndGlobalSection
EndGlobal
